// !$*UTF8*$!
{
	archiveVersion = 1;
	classes = {
	};
	objectVersion = 46;
	objects = {

/* Begin PBXBuildFile section */
		481C7D281D8F8A5600C9A6CD /* UIControl+CLExtension.m in Sources */ = {isa = PBXBuildFile; fileRef = 481C7D271D8F8A5500C9A6CD /* UIControl+CLExtension.m */; };
		481C7D2B1D8F8D5400C9A6CD /* UITextView+CLExtension.m in Sources */ = {isa = PBXBuildFile; fileRef = 481C7D2A1D8F8D5400C9A6CD /* UITextView+CLExtension.m */; };
		489F77C11D87EB6100BE46FD /* main.m in Sources */ = {isa = PBXBuildFile; fileRef = 489F77C01D87EB6100BE46FD /* main.m */; };
		489F77C41D87EB6100BE46FD /* AppDelegate.m in Sources */ = {isa = PBXBuildFile; fileRef = 489F77C31D87EB6100BE46FD /* AppDelegate.m */; };
		489F77C71D87EB6100BE46FD /* ViewController.m in Sources */ = {isa = PBXBuildFile; fileRef = 489F77C61D87EB6100BE46FD /* ViewController.m */; };
		489F77CA1D87EB6100BE46FD /* Main.storyboard in Resources */ = {isa = PBXBuildFile; fileRef = 489F77C81D87EB6100BE46FD /* Main.storyboard */; };
		489F77CC1D87EB6100BE46FD /* Assets.xcassets in Resources */ = {isa = PBXBuildFile; fileRef = 489F77CB1D87EB6100BE46FD /* Assets.xcassets */; };
		489F77CF1D87EB6100BE46FD /* LaunchScreen.storyboard in Resources */ = {isa = PBXBuildFile; fileRef = 489F77CD1D87EB6100BE46FD /* LaunchScreen.storyboard */; };
		48DE26DE1D8E1D4400142B23 /* Test.m in Sources */ = {isa = PBXBuildFile; fileRef = 48DE26DD1D8E1D4400142B23 /* Test.m */; };
		48DE26E31D8E474800142B23 /* Name.m in Sources */ = {isa = PBXBuildFile; fileRef = 48DE26E21D8E474800142B23 /* Name.m */; };
		48DE26E51D8E96F900142B23 /* model.json in Resources */ = {isa = PBXBuildFile; fileRef = 48DE26E41D8E96F900142B23 /* model.json */; };
		48DE26E81D8E97B400142B23 /* Cat.m in Sources */ = {isa = PBXBuildFile; fileRef = 48DE26E71D8E97B400142B23 /* Cat.m */; };
		48DE26EB1D8E97D400142B23 /* Fish.m in Sources */ = {isa = PBXBuildFile; fileRef = 48DE26EA1D8E97D400142B23 /* Fish.m */; };
		48DE26EE1D8E986600142B23 /* Book.m in Sources */ = {isa = PBXBuildFile; fileRef = 48DE26ED1D8E986600142B23 /* Book.m */; };
		48DE27221D8EB4EB00142B23 /* NSArray+CLExtension.m in Sources */ = {isa = PBXBuildFile; fileRef = 48DE26F81D8EB4EB00142B23 /* NSArray+CLExtension.m */; };
		48DE27231D8EB4EB00142B23 /* NSBundle+BundleInfo.m in Sources */ = {isa = PBXBuildFile; fileRef = 48DE26FA1D8EB4EB00142B23 /* NSBundle+BundleInfo.m */; };
		48DE27241D8EB4EB00142B23 /* NSObject+CLExtension.m in Sources */ = {isa = PBXBuildFile; fileRef = 48DE26FC1D8EB4EB00142B23 /* NSObject+CLExtension.m */; };
		48DE27251D8EB4EB00142B23 /* NSString+CLExtention.m in Sources */ = {isa = PBXBuildFile; fileRef = 48DE26FE1D8EB4EB00142B23 /* NSString+CLExtention.m */; };
		48DE27261D8EB4EB00142B23 /* UILabel+CLExtension.m in Sources */ = {isa = PBXBuildFile; fileRef = 48DE27001D8EB4EB00142B23 /* UILabel+CLExtension.m */; };
		48DE27271D8EB4EB00142B23 /* UITextField+CLExtension.m in Sources */ = {isa = PBXBuildFile; fileRef = 48DE27021D8EB4EB00142B23 /* UITextField+CLExtension.m */; };
		48DE27281D8EB4EB00142B23 /* UIView+CLExtension.m in Sources */ = {isa = PBXBuildFile; fileRef = 48DE27041D8EB4EB00142B23 /* UIView+CLExtension.m */; };
		48DE27291D8EB4EB00142B23 /* CLTextView.m in Sources */ = {isa = PBXBuildFile; fileRef = 48DE27091D8EB4EB00142B23 /* CLTextView.m */; };
		48DE272A1D8EB4EB00142B23 /* CLDictionaryToJson.m in Sources */ = {isa = PBXBuildFile; fileRef = 48DE270C1D8EB4EB00142B23 /* CLDictionaryToJson.m */; };
		48DE272B1D8EB4EB00142B23 /* NSDictionary+CLKeyValue.m in Sources */ = {isa = PBXBuildFile; fileRef = 48DE270E1D8EB4EB00142B23 /* NSDictionary+CLKeyValue.m */; };
		48DE272C1D8EB4EB00142B23 /* EXTScope.m in Sources */ = {isa = PBXBuildFile; fileRef = 48DE27111D8EB4EB00142B23 /* EXTScope.m */; };
		48DE272D1D8EB4EB00142B23 /* GTMBase64.m in Sources */ = {isa = PBXBuildFile; fileRef = 48DE27151D8EB4EB00142B23 /* GTMBase64.m */; };
		48DE272E1D8EB4EB00142B23 /* CLHelper.m in Sources */ = {isa = PBXBuildFile; fileRef = 48DE27191D8EB4EB00142B23 /* CLHelper.m */; };
		48DE272F1D8EB4EB00142B23 /* Keychain.m in Sources */ = {isa = PBXBuildFile; fileRef = 48DE271C1D8EB4EB00142B23 /* Keychain.m */; };
		48DE27301D8EB4EB00142B23 /* KeychainItemWrapper.m in Sources */ = {isa = PBXBuildFile; fileRef = 48DE271E1D8EB4EB00142B23 /* KeychainItemWrapper.m */; settings = {COMPILER_FLAGS = "-fno-objc-arc"; }; };
		48DE27311D8EB4EB00142B23 /* CLRegExp.m in Sources */ = {isa = PBXBuildFile; fileRef = 48DE27211D8EB4EB00142B23 /* CLRegExp.m */; };
/* End PBXBuildFile section */

/* Begin PBXFileReference section */
		481C7D261D8F8A5500C9A6CD /* UIControl+CLExtension.h */ = {isa = PBXFileReference; fileEncoding = 4; lastKnownFileType = sourcecode.c.h; path = "UIControl+CLExtension.h"; sourceTree = "<group>"; };
		481C7D271D8F8A5500C9A6CD /* UIControl+CLExtension.m */ = {isa = PBXFileReference; fileEncoding = 4; lastKnownFileType = sourcecode.c.objc; path = "UIControl+CLExtension.m"; sourceTree = "<group>"; };
		481C7D291D8F8D5400C9A6CD /* UITextView+CLExtension.h */ = {isa = PBXFileReference; fileEncoding = 4; lastKnownFileType = sourcecode.c.h; path = "UITextView+CLExtension.h"; sourceTree = "<group>"; };
		481C7D2A1D8F8D5400C9A6CD /* UITextView+CLExtension.m */ = {isa = PBXFileReference; fileEncoding = 4; lastKnownFileType = sourcecode.c.objc; path = "UITextView+CLExtension.m"; sourceTree = "<group>"; };
		489F77BC1D87EB6100BE46FD /* CLOutil.app */ = {isa = PBXFileReference; explicitFileType = wrapper.application; includeInIndex = 0; path = CLOutil.app; sourceTree = BUILT_PRODUCTS_DIR; };
		489F77C01D87EB6100BE46FD /* main.m */ = {isa = PBXFileReference; lastKnownFileType = sourcecode.c.objc; path = main.m; sourceTree = "<group>"; };
		489F77C21D87EB6100BE46FD /* AppDelegate.h */ = {isa = PBXFileReference; lastKnownFileType = sourcecode.c.h; path = AppDelegate.h; sourceTree = "<group>"; };
		489F77C31D87EB6100BE46FD /* AppDelegate.m */ = {isa = PBXFileReference; lastKnownFileType = sourcecode.c.objc; path = AppDelegate.m; sourceTree = "<group>"; };
		489F77C51D87EB6100BE46FD /* ViewController.h */ = {isa = PBXFileReference; lastKnownFileType = sourcecode.c.h; path = ViewController.h; sourceTree = "<group>"; };
		489F77C61D87EB6100BE46FD /* ViewController.m */ = {isa = PBXFileReference; lastKnownFileType = sourcecode.c.objc; path = ViewController.m; sourceTree = "<group>"; };
		489F77C91D87EB6100BE46FD /* Base */ = {isa = PBXFileReference; lastKnownFileType = file.storyboard; name = Base; path = Base.lproj/Main.storyboard; sourceTree = "<group>"; };
		489F77CB1D87EB6100BE46FD /* Assets.xcassets */ = {isa = PBXFileReference; lastKnownFileType = folder.assetcatalog; path = Assets.xcassets; sourceTree = "<group>"; };
		489F77CE1D87EB6100BE46FD /* Base */ = {isa = PBXFileReference; lastKnownFileType = file.storyboard; name = Base; path = Base.lproj/LaunchScreen.storyboard; sourceTree = "<group>"; };
		489F77D01D87EB6100BE46FD /* Info.plist */ = {isa = PBXFileReference; lastKnownFileType = text.plist.xml; path = Info.plist; sourceTree = "<group>"; };
		48DE26DC1D8E1D4400142B23 /* Test.h */ = {isa = PBXFileReference; fileEncoding = 4; lastKnownFileType = sourcecode.c.h; path = Test.h; sourceTree = "<group>"; };
		48DE26DD1D8E1D4400142B23 /* Test.m */ = {isa = PBXFileReference; fileEncoding = 4; lastKnownFileType = sourcecode.c.objc; path = Test.m; sourceTree = "<group>"; };
		48DE26E01D8E34A700142B23 /* CLOutil.entitlements */ = {isa = PBXFileReference; lastKnownFileType = text.plist.entitlements; name = CLOutil.entitlements; path = CLOutil/CLOutil.entitlements; sourceTree = "<group>"; };
		48DE26E11D8E474800142B23 /* Name.h */ = {isa = PBXFileReference; fileEncoding = 4; lastKnownFileType = sourcecode.c.h; path = Name.h; sourceTree = "<group>"; };
		48DE26E21D8E474800142B23 /* Name.m */ = {isa = PBXFileReference; fileEncoding = 4; lastKnownFileType = sourcecode.c.objc; path = Name.m; sourceTree = "<group>"; };
		48DE26E41D8E96F900142B23 /* model.json */ = {isa = PBXFileReference; fileEncoding = 4; lastKnownFileType = text.json; path = model.json; sourceTree = "<group>"; };
		48DE26E61D8E97B400142B23 /* Cat.h */ = {isa = PBXFileReference; fileEncoding = 4; lastKnownFileType = sourcecode.c.h; path = Cat.h; sourceTree = "<group>"; };
		48DE26E71D8E97B400142B23 /* Cat.m */ = {isa = PBXFileReference; fileEncoding = 4; lastKnownFileType = sourcecode.c.objc; path = Cat.m; sourceTree = "<group>"; };
		48DE26E91D8E97D400142B23 /* Fish.h */ = {isa = PBXFileReference; fileEncoding = 4; lastKnownFileType = sourcecode.c.h; path = Fish.h; sourceTree = "<group>"; };
		48DE26EA1D8E97D400142B23 /* Fish.m */ = {isa = PBXFileReference; fileEncoding = 4; lastKnownFileType = sourcecode.c.objc; path = Fish.m; sourceTree = "<group>"; };
		48DE26EC1D8E986600142B23 /* Book.h */ = {isa = PBXFileReference; fileEncoding = 4; lastKnownFileType = sourcecode.c.h; path = Book.h; sourceTree = "<group>"; };
		48DE26ED1D8E986600142B23 /* Book.m */ = {isa = PBXFileReference; fileEncoding = 4; lastKnownFileType = sourcecode.c.objc; path = Book.m; sourceTree = "<group>"; };
		48DE26F71D8EB4EB00142B23 /* NSArray+CLExtension.h */ = {isa = PBXFileReference; fileEncoding = 4; lastKnownFileType = sourcecode.c.h; path = "NSArray+CLExtension.h"; sourceTree = "<group>"; };
		48DE26F81D8EB4EB00142B23 /* NSArray+CLExtension.m */ = {isa = PBXFileReference; fileEncoding = 4; lastKnownFileType = sourcecode.c.objc; path = "NSArray+CLExtension.m"; sourceTree = "<group>"; };
		48DE26F91D8EB4EB00142B23 /* NSBundle+BundleInfo.h */ = {isa = PBXFileReference; fileEncoding = 4; lastKnownFileType = sourcecode.c.h; path = "NSBundle+BundleInfo.h"; sourceTree = "<group>"; };
		48DE26FA1D8EB4EB00142B23 /* NSBundle+BundleInfo.m */ = {isa = PBXFileReference; fileEncoding = 4; lastKnownFileType = sourcecode.c.objc; path = "NSBundle+BundleInfo.m"; sourceTree = "<group>"; };
		48DE26FB1D8EB4EB00142B23 /* NSObject+CLExtension.h */ = {isa = PBXFileReference; fileEncoding = 4; lastKnownFileType = sourcecode.c.h; path = "NSObject+CLExtension.h"; sourceTree = "<group>"; };
		48DE26FC1D8EB4EB00142B23 /* NSObject+CLExtension.m */ = {isa = PBXFileReference; fileEncoding = 4; lastKnownFileType = sourcecode.c.objc; path = "NSObject+CLExtension.m"; sourceTree = "<group>"; };
		48DE26FD1D8EB4EB00142B23 /* NSString+CLExtention.h */ = {isa = PBXFileReference; fileEncoding = 4; lastKnownFileType = sourcecode.c.h; path = "NSString+CLExtention.h"; sourceTree = "<group>"; };
		48DE26FE1D8EB4EB00142B23 /* NSString+CLExtention.m */ = {isa = PBXFileReference; fileEncoding = 4; lastKnownFileType = sourcecode.c.objc; path = "NSString+CLExtention.m"; sourceTree = "<group>"; };
		48DE26FF1D8EB4EB00142B23 /* UILabel+CLExtension.h */ = {isa = PBXFileReference; fileEncoding = 4; lastKnownFileType = sourcecode.c.h; path = "UILabel+CLExtension.h"; sourceTree = "<group>"; };
		48DE27001D8EB4EB00142B23 /* UILabel+CLExtension.m */ = {isa = PBXFileReference; fileEncoding = 4; lastKnownFileType = sourcecode.c.objc; path = "UILabel+CLExtension.m"; sourceTree = "<group>"; };
		48DE27011D8EB4EB00142B23 /* UITextField+CLExtension.h */ = {isa = PBXFileReference; fileEncoding = 4; lastKnownFileType = sourcecode.c.h; path = "UITextField+CLExtension.h"; sourceTree = "<group>"; };
		48DE27021D8EB4EB00142B23 /* UITextField+CLExtension.m */ = {isa = PBXFileReference; fileEncoding = 4; lastKnownFileType = sourcecode.c.objc; path = "UITextField+CLExtension.m"; sourceTree = "<group>"; };
		48DE27031D8EB4EB00142B23 /* UIView+CLExtension.h */ = {isa = PBXFileReference; fileEncoding = 4; lastKnownFileType = sourcecode.c.h; path = "UIView+CLExtension.h"; sourceTree = "<group>"; };
		48DE27041D8EB4EB00142B23 /* UIView+CLExtension.m */ = {isa = PBXFileReference; fileEncoding = 4; lastKnownFileType = sourcecode.c.objc; path = "UIView+CLExtension.m"; sourceTree = "<group>"; };
		48DE27051D8EB4EB00142B23 /* CLOutil.h */ = {isa = PBXFileReference; fileEncoding = 4; lastKnownFileType = sourcecode.c.h; path = CLOutil.h; sourceTree = "<group>"; };
		48DE27061D8EB4EB00142B23 /* CLOutilHeaderDefine.h */ = {isa = PBXFileReference; fileEncoding = 4; lastKnownFileType = sourcecode.c.h; path = CLOutilHeaderDefine.h; sourceTree = "<group>"; };
		48DE27081D8EB4EB00142B23 /* CLTextView.h */ = {isa = PBXFileReference; fileEncoding = 4; lastKnownFileType = sourcecode.c.h; path = CLTextView.h; sourceTree = "<group>"; };
		48DE27091D8EB4EB00142B23 /* CLTextView.m */ = {isa = PBXFileReference; fileEncoding = 4; lastKnownFileType = sourcecode.c.objc; path = CLTextView.m; sourceTree = "<group>"; };
		48DE270B1D8EB4EB00142B23 /* CLDictionaryToJson.h */ = {isa = PBXFileReference; fileEncoding = 4; lastKnownFileType = sourcecode.c.h; path = CLDictionaryToJson.h; sourceTree = "<group>"; };
		48DE270C1D8EB4EB00142B23 /* CLDictionaryToJson.m */ = {isa = PBXFileReference; fileEncoding = 4; lastKnownFileType = sourcecode.c.objc; path = CLDictionaryToJson.m; sourceTree = "<group>"; };
		48DE270D1D8EB4EB00142B23 /* NSDictionary+CLKeyValue.h */ = {isa = PBXFileReference; fileEncoding = 4; lastKnownFileType = sourcecode.c.h; path = "NSDictionary+CLKeyValue.h"; sourceTree = "<group>"; };
		48DE270E1D8EB4EB00142B23 /* NSDictionary+CLKeyValue.m */ = {isa = PBXFileReference; fileEncoding = 4; lastKnownFileType = sourcecode.c.objc; path = "NSDictionary+CLKeyValue.m"; sourceTree = "<group>"; };
		48DE27101D8EB4EB00142B23 /* EXTScope.h */ = {isa = PBXFileReference; fileEncoding = 4; lastKnownFileType = sourcecode.c.h; path = EXTScope.h; sourceTree = "<group>"; };
		48DE27111D8EB4EB00142B23 /* EXTScope.m */ = {isa = PBXFileReference; fileEncoding = 4; lastKnownFileType = sourcecode.c.objc; path = EXTScope.m; sourceTree = "<group>"; };
		48DE27121D8EB4EB00142B23 /* metamacros.h */ = {isa = PBXFileReference; fileEncoding = 4; lastKnownFileType = sourcecode.c.h; path = metamacros.h; sourceTree = "<group>"; };
		48DE27141D8EB4EB00142B23 /* GTMBase64.h */ = {isa = PBXFileReference; fileEncoding = 4; lastKnownFileType = sourcecode.c.h; path = GTMBase64.h; sourceTree = "<group>"; };
		48DE27151D8EB4EB00142B23 /* GTMBase64.m */ = {isa = PBXFileReference; fileEncoding = 4; lastKnownFileType = sourcecode.c.objc; path = GTMBase64.m; sourceTree = "<group>"; };
		48DE27161D8EB4EB00142B23 /* GTMDefines.h */ = {isa = PBXFileReference; fileEncoding = 4; lastKnownFileType = sourcecode.c.h; path = GTMDefines.h; sourceTree = "<group>"; };
		48DE27181D8EB4EB00142B23 /* CLHelper.h */ = {isa = PBXFileReference; fileEncoding = 4; lastKnownFileType = sourcecode.c.h; path = CLHelper.h; sourceTree = "<group>"; };
		48DE27191D8EB4EB00142B23 /* CLHelper.m */ = {isa = PBXFileReference; fileEncoding = 4; lastKnownFileType = sourcecode.c.objc; path = CLHelper.m; sourceTree = "<group>"; };
		48DE271B1D8EB4EB00142B23 /* Keychain.h */ = {isa = PBXFileReference; fileEncoding = 4; lastKnownFileType = sourcecode.c.h; path = Keychain.h; sourceTree = "<group>"; };
		48DE271C1D8EB4EB00142B23 /* Keychain.m */ = {isa = PBXFileReference; fileEncoding = 4; lastKnownFileType = sourcecode.c.objc; path = Keychain.m; sourceTree = "<group>"; };
		48DE271D1D8EB4EB00142B23 /* KeychainItemWrapper.h */ = {isa = PBXFileReference; fileEncoding = 4; lastKnownFileType = sourcecode.c.h; path = KeychainItemWrapper.h; sourceTree = "<group>"; };
		48DE271E1D8EB4EB00142B23 /* KeychainItemWrapper.m */ = {isa = PBXFileReference; fileEncoding = 4; lastKnownFileType = sourcecode.c.objc; path = KeychainItemWrapper.m; sourceTree = "<group>"; };
		48DE27201D8EB4EB00142B23 /* CLRegExp.h */ = {isa = PBXFileReference; fileEncoding = 4; lastKnownFileType = sourcecode.c.h; path = CLRegExp.h; sourceTree = "<group>"; };
		48DE27211D8EB4EB00142B23 /* CLRegExp.m */ = {isa = PBXFileReference; fileEncoding = 4; lastKnownFileType = sourcecode.c.objc; path = CLRegExp.m; sourceTree = "<group>"; };
/* End PBXFileReference section */

/* Begin PBXFrameworksBuildPhase section */
		489F77B91D87EB6100BE46FD /* Frameworks */ = {
			isa = PBXFrameworksBuildPhase;
			buildActionMask = 2147483647;
			files = (
			);
			runOnlyForDeploymentPostprocessing = 0;
		};
/* End PBXFrameworksBuildPhase section */

/* Begin PBXGroup section */
		489F77B31D87EB6100BE46FD = {
			isa = PBXGroup;
			children = (
				48DE26E01D8E34A700142B23 /* CLOutil.entitlements */,
				489F77BE1D87EB6100BE46FD /* CLOutil */,
				489F77BD1D87EB6100BE46FD /* Products */,
			);
			sourceTree = "<group>";
		};
		489F77BD1D87EB6100BE46FD /* Products */ = {
			isa = PBXGroup;
			children = (
				489F77BC1D87EB6100BE46FD /* CLOutil.app */,
			);
			name = Products;
			sourceTree = "<group>";
		};
		489F77BE1D87EB6100BE46FD /* CLOutil */ = {
			isa = PBXGroup;
			children = (
				48DE26F51D8EB4EB00142B23 /* CLOutil */,
				489F77C21D87EB6100BE46FD /* AppDelegate.h */,
				489F77C31D87EB6100BE46FD /* AppDelegate.m */,
				489F77C51D87EB6100BE46FD /* ViewController.h */,
				489F77C61D87EB6100BE46FD /* ViewController.m */,
				48DE26E11D8E474800142B23 /* Name.h */,
				48DE26E21D8E474800142B23 /* Name.m */,
				48DE26DC1D8E1D4400142B23 /* Test.h */,
				48DE26E61D8E97B400142B23 /* Cat.h */,
				48DE26E71D8E97B400142B23 /* Cat.m */,
				48DE26E91D8E97D400142B23 /* Fish.h */,
				48DE26EA1D8E97D400142B23 /* Fish.m */,
				48DE26DD1D8E1D4400142B23 /* Test.m */,
				48DE26EC1D8E986600142B23 /* Book.h */,
				48DE26ED1D8E986600142B23 /* Book.m */,
				489F77C81D87EB6100BE46FD /* Main.storyboard */,
				489F77CB1D87EB6100BE46FD /* Assets.xcassets */,
				489F77CD1D87EB6100BE46FD /* LaunchScreen.storyboard */,
				489F77D01D87EB6100BE46FD /* Info.plist */,
				489F77BF1D87EB6100BE46FD /* Supporting Files */,
			);
			path = CLOutil;
			sourceTree = "<group>";
		};
		489F77BF1D87EB6100BE46FD /* Supporting Files */ = {
			isa = PBXGroup;
			children = (
				48DE26E41D8E96F900142B23 /* model.json */,
				489F77C01D87EB6100BE46FD /* main.m */,
			);
			name = "Supporting Files";
			sourceTree = "<group>";
		};
		48DE26F51D8EB4EB00142B23 /* CLOutil */ = {
			isa = PBXGroup;
			children = (
				48DE26F61D8EB4EB00142B23 /* Category */,
				48DE27051D8EB4EB00142B23 /* CLOutil.h */,
				48DE27061D8EB4EB00142B23 /* CLOutilHeaderDefine.h */,
				48DE27071D8EB4EB00142B23 /* CLTextView */,
				48DE270A1D8EB4EB00142B23 /* dictionaryToJson */,
				48DE270F1D8EB4EB00142B23 /* EXTScope */,
				48DE27131D8EB4EB00142B23 /* GTMBase64 */,
				48DE27171D8EB4EB00142B23 /* Helper */,
				48DE271A1D8EB4EB00142B23 /* Keychain */,
				48DE271F1D8EB4EB00142B23 /* RegExp */,
			);
			path = CLOutil;
			sourceTree = "<group>";
		};
		48DE26F61D8EB4EB00142B23 /* Category */ = {
			isa = PBXGroup;
			children = (
				48DE26F71D8EB4EB00142B23 /* NSArray+CLExtension.h */,
				48DE26F81D8EB4EB00142B23 /* NSArray+CLExtension.m */,
				48DE26F91D8EB4EB00142B23 /* NSBundle+BundleInfo.h */,
				48DE26FA1D8EB4EB00142B23 /* NSBundle+BundleInfo.m */,
				48DE26FB1D8EB4EB00142B23 /* NSObject+CLExtension.h */,
				48DE26FC1D8EB4EB00142B23 /* NSObject+CLExtension.m */,
				48DE26FD1D8EB4EB00142B23 /* NSString+CLExtention.h */,
				48DE26FE1D8EB4EB00142B23 /* NSString+CLExtention.m */,
				48DE26FF1D8EB4EB00142B23 /* UILabel+CLExtension.h */,
				48DE27001D8EB4EB00142B23 /* UILabel+CLExtension.m */,
				48DE27011D8EB4EB00142B23 /* UITextField+CLExtension.h */,
				48DE27021D8EB4EB00142B23 /* UITextField+CLExtension.m */,
				48DE27031D8EB4EB00142B23 /* UIView+CLExtension.h */,
				48DE27041D8EB4EB00142B23 /* UIView+CLExtension.m */,
				481C7D261D8F8A5500C9A6CD /* UIControl+CLExtension.h */,
				481C7D271D8F8A5500C9A6CD /* UIControl+CLExtension.m */,
				481C7D291D8F8D5400C9A6CD /* UITextView+CLExtension.h */,
				481C7D2A1D8F8D5400C9A6CD /* UITextView+CLExtension.m */,
			);
			path = Category;
			sourceTree = "<group>";
		};
		48DE27071D8EB4EB00142B23 /* CLTextView */ = {
			isa = PBXGroup;
			children = (
				48DE27081D8EB4EB00142B23 /* CLTextView.h */,
				48DE27091D8EB4EB00142B23 /* CLTextView.m */,
			);
			path = CLTextView;
			sourceTree = "<group>";
		};
		48DE270A1D8EB4EB00142B23 /* dictionaryToJson */ = {
			isa = PBXGroup;
			children = (
				48DE270B1D8EB4EB00142B23 /* CLDictionaryToJson.h */,
				48DE270C1D8EB4EB00142B23 /* CLDictionaryToJson.m */,
				48DE270D1D8EB4EB00142B23 /* NSDictionary+CLKeyValue.h */,
				48DE270E1D8EB4EB00142B23 /* NSDictionary+CLKeyValue.m */,
			);
			path = dictionaryToJson;
			sourceTree = "<group>";
		};
		48DE270F1D8EB4EB00142B23 /* EXTScope */ = {
			isa = PBXGroup;
			children = (
				48DE27101D8EB4EB00142B23 /* EXTScope.h */,
				48DE27111D8EB4EB00142B23 /* EXTScope.m */,
				48DE27121D8EB4EB00142B23 /* metamacros.h */,
			);
			path = EXTScope;
			sourceTree = "<group>";
		};
		48DE27131D8EB4EB00142B23 /* GTMBase64 */ = {
			isa = PBXGroup;
			children = (
				48DE27141D8EB4EB00142B23 /* GTMBase64.h */,
				48DE27151D8EB4EB00142B23 /* GTMBase64.m */,
				48DE27161D8EB4EB00142B23 /* GTMDefines.h */,
			);
			path = GTMBase64;
			sourceTree = "<group>";
		};
		48DE27171D8EB4EB00142B23 /* Helper */ = {
			isa = PBXGroup;
			children = (
				48DE27181D8EB4EB00142B23 /* CLHelper.h */,
				48DE27191D8EB4EB00142B23 /* CLHelper.m */,
			);
			path = Helper;
			sourceTree = "<group>";
		};
		48DE271A1D8EB4EB00142B23 /* Keychain */ = {
			isa = PBXGroup;
			children = (
				48DE271B1D8EB4EB00142B23 /* Keychain.h */,
				48DE271C1D8EB4EB00142B23 /* Keychain.m */,
				48DE271D1D8EB4EB00142B23 /* KeychainItemWrapper.h */,
				48DE271E1D8EB4EB00142B23 /* KeychainItemWrapper.m */,
			);
			path = Keychain;
			sourceTree = "<group>";
		};
		48DE271F1D8EB4EB00142B23 /* RegExp */ = {
			isa = PBXGroup;
			children = (
				48DE27201D8EB4EB00142B23 /* CLRegExp.h */,
				48DE27211D8EB4EB00142B23 /* CLRegExp.m */,
			);
			path = RegExp;
			sourceTree = "<group>";
		};
/* End PBXGroup section */

/* Begin PBXNativeTarget section */
		489F77BB1D87EB6100BE46FD /* CLOutil */ = {
			isa = PBXNativeTarget;
			buildConfigurationList = 489F77D31D87EB6100BE46FD /* Build configuration list for PBXNativeTarget "CLOutil" */;
			buildPhases = (
				489F77B81D87EB6100BE46FD /* Sources */,
				489F77B91D87EB6100BE46FD /* Frameworks */,
				489F77BA1D87EB6100BE46FD /* Resources */,
			);
			buildRules = (
			);
			dependencies = (
			);
			name = CLOutil;
			productName = CLOutil;
			productReference = 489F77BC1D87EB6100BE46FD /* CLOutil.app */;
			productType = "com.apple.product-type.application";
		};
/* End PBXNativeTarget section */

/* Begin PBXProject section */
		489F77B41D87EB6100BE46FD /* Project object */ = {
			isa = PBXProject;
			attributes = {
				LastUpgradeCheck = 0800;
				ORGANIZATIONNAME = "秦传龙";
				TargetAttributes = {
					489F77BB1D87EB6100BE46FD = {
						CreatedOnToolsVersion = 7.3.1;
						DevelopmentTeam = SSF8X63GPK;
						SystemCapabilities = {
							com.apple.Keychain = {
								enabled = 1;
							};
						};
					};
				};
			};
			buildConfigurationList = 489F77B71D87EB6100BE46FD /* Build configuration list for PBXProject "CLOutil" */;
			compatibilityVersion = "Xcode 3.2";
			developmentRegion = English;
			hasScannedForEncodings = 0;
			knownRegions = (
				en,
				Base,
			);
			mainGroup = 489F77B31D87EB6100BE46FD;
			productRefGroup = 489F77BD1D87EB6100BE46FD /* Products */;
			projectDirPath = "";
			projectRoot = "";
			targets = (
				489F77BB1D87EB6100BE46FD /* CLOutil */,
			);
		};
/* End PBXProject section */

/* Begin PBXResourcesBuildPhase section */
		489F77BA1D87EB6100BE46FD /* Resources */ = {
			isa = PBXResourcesBuildPhase;
			buildActionMask = 2147483647;
			files = (
				489F77CF1D87EB6100BE46FD /* LaunchScreen.storyboard in Resources */,
				489F77CC1D87EB6100BE46FD /* Assets.xcassets in Resources */,
				489F77CA1D87EB6100BE46FD /* Main.storyboard in Resources */,
				48DE26E51D8E96F900142B23 /* model.json in Resources */,
			);
			runOnlyForDeploymentPostprocessing = 0;
		};
/* End PBXResourcesBuildPhase section */

/* Begin PBXSourcesBuildPhase section */
		489F77B81D87EB6100BE46FD /* Sources */ = {
			isa = PBXSourcesBuildPhase;
			buildActionMask = 2147483647;
			files = (
				48DE272E1D8EB4EB00142B23 /* CLHelper.m in Sources */,
				48DE272C1D8EB4EB00142B23 /* EXTScope.m in Sources */,
				489F77C71D87EB6100BE46FD /* ViewController.m in Sources */,
				48DE272F1D8EB4EB00142B23 /* Keychain.m in Sources */,
				48DE27261D8EB4EB00142B23 /* UILabel+CLExtension.m in Sources */,
				48DE27251D8EB4EB00142B23 /* NSString+CLExtention.m in Sources */,
				48DE272B1D8EB4EB00142B23 /* NSDictionary+CLKeyValue.m in Sources */,
				48DE27311D8EB4EB00142B23 /* CLRegExp.m in Sources */,
				48DE26DE1D8E1D4400142B23 /* Test.m in Sources */,
				48DE27271D8EB4EB00142B23 /* UITextField+CLExtension.m in Sources */,
				48DE272D1D8EB4EB00142B23 /* GTMBase64.m in Sources */,
				48DE26EE1D8E986600142B23 /* Book.m in Sources */,
				48DE27291D8EB4EB00142B23 /* CLTextView.m in Sources */,
				48DE26E81D8E97B400142B23 /* Cat.m in Sources */,
				489F77C41D87EB6100BE46FD /* AppDelegate.m in Sources */,
				48DE26E31D8E474800142B23 /* Name.m in Sources */,
				481C7D2B1D8F8D5400C9A6CD /* UITextView+CLExtension.m in Sources */,
				481C7D281D8F8A5600C9A6CD /* UIControl+CLExtension.m in Sources */,
				48DE26EB1D8E97D400142B23 /* Fish.m in Sources */,
				48DE27301D8EB4EB00142B23 /* KeychainItemWrapper.m in Sources */,
				48DE27281D8EB4EB00142B23 /* UIView+CLExtension.m in Sources */,
				48DE27221D8EB4EB00142B23 /* NSArray+CLExtension.m in Sources */,
				48DE27241D8EB4EB00142B23 /* NSObject+CLExtension.m in Sources */,
				48DE27231D8EB4EB00142B23 /* NSBundle+BundleInfo.m in Sources */,
				489F77C11D87EB6100BE46FD /* main.m in Sources */,
				48DE272A1D8EB4EB00142B23 /* CLDictionaryToJson.m in Sources */,
			);
			runOnlyForDeploymentPostprocessing = 0;
		};
/* End PBXSourcesBuildPhase section */

/* Begin PBXVariantGroup section */
		489F77C81D87EB6100BE46FD /* Main.storyboard */ = {
			isa = PBXVariantGroup;
			children = (
				489F77C91D87EB6100BE46FD /* Base */,
			);
			name = Main.storyboard;
			sourceTree = "<group>";
		};
		489F77CD1D87EB6100BE46FD /* LaunchScreen.storyboard */ = {
			isa = PBXVariantGroup;
			children = (
				489F77CE1D87EB6100BE46FD /* Base */,
			);
			name = LaunchScreen.storyboard;
			sourceTree = "<group>";
		};
/* End PBXVariantGroup section */

/* Begin XCBuildConfiguration section */
		489F77D11D87EB6100BE46FD /* Debug */ = {
			isa = XCBuildConfiguration;
			buildSettings = {
				ALWAYS_SEARCH_USER_PATHS = NO;
				CLANG_ANALYZER_NONNULL = YES;
				CLANG_CXX_LANGUAGE_STANDARD = "gnu++0x";
				CLANG_CXX_LIBRARY = "libc++";
				CLANG_ENABLE_MODULES = YES;
				CLANG_ENABLE_OBJC_ARC = YES;
				CLANG_WARN_BOOL_CONVERSION = YES;
				CLANG_WARN_CONSTANT_CONVERSION = YES;
				CLANG_WARN_DIRECT_OBJC_ISA_USAGE = YES_ERROR;
				CLANG_WARN_EMPTY_BODY = YES;
				CLANG_WARN_ENUM_CONVERSION = YES;
				CLANG_WARN_INFINITE_RECURSION = YES;
				CLANG_WARN_INT_CONVERSION = YES;
				CLANG_WARN_OBJC_ROOT_CLASS = YES_ERROR;
				CLANG_WARN_SUSPICIOUS_MOVE = YES;
				CLANG_WARN_UNREACHABLE_CODE = YES;
				CLANG_WARN__DUPLICATE_METHOD_MATCH = YES;
				"CODE_SIGN_IDENTITY[sdk=iphoneos*]" = "iPhone Developer";
				COPY_PHASE_STRIP = NO;
				DEBUG_INFORMATION_FORMAT = dwarf;
				ENABLE_STRICT_OBJC_MSGSEND = YES;
				ENABLE_TESTABILITY = YES;
				GCC_C_LANGUAGE_STANDARD = gnu99;
				GCC_DYNAMIC_NO_PIC = NO;
				GCC_NO_COMMON_BLOCKS = YES;
				GCC_OPTIMIZATION_LEVEL = 0;
				GCC_PREPROCESSOR_DEFINITIONS = (
					"DEBUG=1",
					"$(inherited)",
				);
				GCC_WARN_64_TO_32_BIT_CONVERSION = YES;
				GCC_WARN_ABOUT_RETURN_TYPE = YES_ERROR;
				GCC_WARN_UNDECLARED_SELECTOR = YES;
				GCC_WARN_UNINITIALIZED_AUTOS = YES_AGGRESSIVE;
				GCC_WARN_UNUSED_FUNCTION = YES;
				GCC_WARN_UNUSED_VARIABLE = YES;
				IPHONEOS_DEPLOYMENT_TARGET = 9.3;
				MTL_ENABLE_DEBUG_INFO = YES;
				ONLY_ACTIVE_ARCH = YES;
				SDKROOT = iphoneos;
			};
			name = Debug;
		};
		489F77D21D87EB6100BE46FD /* Release */ = {
			isa = XCBuildConfiguration;
			buildSettings = {
				ALWAYS_SEARCH_USER_PATHS = NO;
				CLANG_ANALYZER_NONNULL = YES;
				CLANG_CXX_LANGUAGE_STANDARD = "gnu++0x";
				CLANG_CXX_LIBRARY = "libc++";
				CLANG_ENABLE_MODULES = YES;
				CLANG_ENABLE_OBJC_ARC = YES;
				CLANG_WARN_BOOL_CONVERSION = YES;
				CLANG_WARN_CONSTANT_CONVERSION = YES;
				CLANG_WARN_DIRECT_OBJC_ISA_USAGE = YES_ERROR;
				CLANG_WARN_EMPTY_BODY = YES;
				CLANG_WARN_ENUM_CONVERSION = YES;
				CLANG_WARN_INFINITE_RECURSION = YES;
				CLANG_WARN_INT_CONVERSION = YES;
				CLANG_WARN_OBJC_ROOT_CLASS = YES_ERROR;
				CLANG_WARN_SUSPICIOUS_MOVE = YES;
				CLANG_WARN_UNREACHABLE_CODE = YES;
				CLANG_WARN__DUPLICATE_METHOD_MATCH = YES;
				"CODE_SIGN_IDENTITY[sdk=iphoneos*]" = "iPhone Developer";
				COPY_PHASE_STRIP = NO;
				DEBUG_INFORMATION_FORMAT = "dwarf-with-dsym";
				ENABLE_NS_ASSERTIONS = NO;
				ENABLE_STRICT_OBJC_MSGSEND = YES;
				GCC_C_LANGUAGE_STANDARD = gnu99;
				GCC_NO_COMMON_BLOCKS = YES;
				GCC_WARN_64_TO_32_BIT_CONVERSION = YES;
				GCC_WARN_ABOUT_RETURN_TYPE = YES_ERROR;
				GCC_WARN_UNDECLARED_SELECTOR = YES;
				GCC_WARN_UNINITIALIZED_AUTOS = YES_AGGRESSIVE;
				GCC_WARN_UNUSED_FUNCTION = YES;
				GCC_WARN_UNUSED_VARIABLE = YES;
				IPHONEOS_DEPLOYMENT_TARGET = 9.3;
				MTL_ENABLE_DEBUG_INFO = NO;
				SDKROOT = iphoneos;
				VALIDATE_PRODUCT = YES;
			};
			name = Release;
		};
		489F77D41D87EB6100BE46FD /* Debug */ = {
			isa = XCBuildConfiguration;
			buildSettings = {
				ASSETCATALOG_COMPILER_APPICON_NAME = AppIcon;
				CODE_SIGN_ENTITLEMENTS = CLOutil/CLOutil.entitlements;
				DEVELOPMENT_TEAM = SSF8X63GPK;
				INFOPLIST_FILE = CLOutil/Info.plist;
				LD_RUNPATH_SEARCH_PATHS = "$(inherited) @executable_path/Frameworks";
				PRODUCT_BUNDLE_IDENTIFIER = com.hezhijingwei.CLOutil;
				PRODUCT_NAME = "$(TARGET_NAME)";
			};
			name = Debug;
		};
		489F77D51D87EB6100BE46FD /* Release */ = {
			isa = XCBuildConfiguration;
			buildSettings = {
				ASSETCATALOG_COMPILER_APPICON_NAME = AppIcon;
				CODE_SIGN_ENTITLEMENTS = CLOutil/CLOutil.entitlements;
				DEVELOPMENT_TEAM = SSF8X63GPK;
				INFOPLIST_FILE = CLOutil/Info.plist;
				LD_RUNPATH_SEARCH_PATHS = "$(inherited) @executable_path/Frameworks";
				PRODUCT_BUNDLE_IDENTIFIER = com.hezhijingwei.CLOutil;
				PRODUCT_NAME = "$(TARGET_NAME)";
			};
			name = Release;
		};
/* End XCBuildConfiguration section */

/* Begin XCConfigurationList section */
		489F77B71D87EB6100BE46FD /* Build configuration list for PBXProject "CLOutil" */ = {
			isa = XCConfigurationList;
			buildConfigurations = (
				489F77D11D87EB6100BE46FD /* Debug */,
				489F77D21D87EB6100BE46FD /* Release */,
			);
			defaultConfigurationIsVisible = 0;
			defaultConfigurationName = Release;
		};
		489F77D31D87EB6100BE46FD /* Build configuration list for PBXNativeTarget "CLOutil" */ = {
			isa = XCConfigurationList;
			buildConfigurations = (
				489F77D41D87EB6100BE46FD /* Debug */,
				489F77D51D87EB6100BE46FD /* Release */,
			);
			defaultConfigurationIsVisible = 0;
			defaultConfigurationName = Release;
		};
/* End XCConfigurationList section */
	};
	rootObject = 489F77B41D87EB6100BE46FD /* Project object */;
}
